// !$*UTF8*$!
{
	archiveVersion = 1;
	classes = {
	};
	objectVersion = 56;
	objects = {

/* Begin PBXBuildFile section */
		5E2A0F882ACCA867005BA504 /* SettingsView.swift in Sources */ = {isa = PBXBuildFile; fileRef = 5E2A0F872ACCA867005BA504 /* SettingsView.swift */; };
		5E2A0F8A2ACCB93E005BA504 /* SettingsButtonView.swift in Sources */ = {isa = PBXBuildFile; fileRef = 5E2A0F892ACCB93E005BA504 /* SettingsButtonView.swift */; };
		5E2A0F8F2ACD583E005BA504 /* SettingsKeys.swift in Sources */ = {isa = PBXBuildFile; fileRef = 5E2A0F8E2ACD583E005BA504 /* SettingsKeys.swift */; };
		5EC40F662AC31BA4000C94E9 /* SCNScene.extension.swift in Sources */ = {isa = PBXBuildFile; fileRef = 5EC40F652AC31BA4000C94E9 /* SCNScene.extension.swift */; };
		5EC40F6B2AC92A87000C94E9 /* VideoWriter.swift in Sources */ = {isa = PBXBuildFile; fileRef = 5EC40F6A2AC92A87000C94E9 /* VideoWriter.swift */; };
		5EC40F6E2AC9B9FA000C94E9 /* CrosshairButtonView.swift in Sources */ = {isa = PBXBuildFile; fileRef = 5EC40F6D2AC9B9FA000C94E9 /* CrosshairButtonView.swift */; };
		5EC40F712AC9BA56000C94E9 /* ControlsView.swift in Sources */ = {isa = PBXBuildFile; fileRef = 5EC40F702AC9BA56000C94E9 /* ControlsView.swift */; };
		5EC40F732AC9BAA3000C94E9 /* RecordButtonView.swift in Sources */ = {isa = PBXBuildFile; fileRef = 5EC40F722AC9BAA3000C94E9 /* RecordButtonView.swift */; };
		5EC40F752AC9BAED000C94E9 /* AddAnchorButtonView.swift in Sources */ = {isa = PBXBuildFile; fileRef = 5EC40F742AC9BAED000C94E9 /* AddAnchorButtonView.swift */; };
		5EC40F772AC9BBC0000C94E9 /* HorizonControlView.swift in Sources */ = {isa = PBXBuildFile; fileRef = 5EC40F762AC9BBC0000C94E9 /* HorizonControlView.swift */; };
		5EC40F792AC9BCBE000C94E9 /* LabelledDivider.swift in Sources */ = {isa = PBXBuildFile; fileRef = 5EC40F782AC9BCBE000C94E9 /* LabelledDivider.swift */; };
		5EC40F7B2AC9DB4B000C94E9 /* MotionManager.swift in Sources */ = {isa = PBXBuildFile; fileRef = 5EC40F7A2AC9DB4B000C94E9 /* MotionManager.swift */; };
		5EC40F812ACB134B000C94E9 /* axis.usdz in Resources */ = {isa = PBXBuildFile; fileRef = 5EC40F802ACB134B000C94E9 /* axis.usdz */; };
		5EC40F832ACB7B19000C94E9 /* PlaneAnchorEntity.swift in Sources */ = {isa = PBXBuildFile; fileRef = 5EC40F822ACB7B19000C94E9 /* PlaneAnchorEntity.swift */; };
		5EC40F872ACC4DC6000C94E9 /* SCNNode.extension.swift in Sources */ = {isa = PBXBuildFile; fileRef = 5EC40F862ACC4DC6000C94E9 /* SCNNode.extension.swift */; };
		5EC40F892ACC4DFD000C94E9 /* SCNCamera.extension.swift in Sources */ = {isa = PBXBuildFile; fileRef = 5EC40F882ACC4DFD000C94E9 /* SCNCamera.extension.swift */; };
		5EC40F8B2ACC4E2D000C94E9 /* USDAUtils.swift in Sources */ = {isa = PBXBuildFile; fileRef = 5EC40F8A2ACC4E2D000C94E9 /* USDAUtils.swift */; };
		5EC40F8D2ACC4E7D000C94E9 /* SCNGeometry.extension.swift in Sources */ = {isa = PBXBuildFile; fileRef = 5EC40F8C2ACC4E7D000C94E9 /* SCNGeometry.extension.swift */; };
		5EC40F902ACC4EBF000C94E9 /* float4x4.extension.swift in Sources */ = {isa = PBXBuildFile; fileRef = 5EC40F8F2ACC4EBF000C94E9 /* float4x4.extension.swift */; };
		5EC40F922ACC4EE4000C94E9 /* Array.extension.swift in Sources */ = {isa = PBXBuildFile; fileRef = 5EC40F912ACC4EE4000C94E9 /* Array.extension.swift */; };
		5EC40F942ACC4F2F000C94E9 /* SIMD2.extension.swift in Sources */ = {isa = PBXBuildFile; fileRef = 5EC40F932ACC4F2F000C94E9 /* SIMD2.extension.swift */; };
		5EC40F962ACC4F48000C94E9 /* SIMD3.extension.swift in Sources */ = {isa = PBXBuildFile; fileRef = 5EC40F952ACC4F48000C94E9 /* SIMD3.extension.swift */; };
		5EC40F992ACC4F93000C94E9 /* USDAConvertable.protocol.swift in Sources */ = {isa = PBXBuildFile; fileRef = 5EC40F982ACC4F93000C94E9 /* USDAConvertable.protocol.swift */; };
		5EC40F9B2ACC5186000C94E9 /* Bool.extension.swift in Sources */ = {isa = PBXBuildFile; fileRef = 5EC40F9A2ACC5186000C94E9 /* Bool.extension.swift */; };
		5EC40F9D2ACC518F000C94E9 /* Int.extension.swift in Sources */ = {isa = PBXBuildFile; fileRef = 5EC40F9C2ACC518F000C94E9 /* Int.extension.swift */; };
		5EC40F9F2ACC519C000C94E9 /* Float.extension.swift in Sources */ = {isa = PBXBuildFile; fileRef = 5EC40F9E2ACC519C000C94E9 /* Float.extension.swift */; };
		5EC40FA12ACC51A7000C94E9 /* String.extension.swift in Sources */ = {isa = PBXBuildFile; fileRef = 5EC40FA02ACC51A7000C94E9 /* String.extension.swift */; };
		5ECB90002ABFB42000F9DF4D /* ARManager.swift in Sources */ = {isa = PBXBuildFile; fileRef = 5ECB8FFF2ABFB42000F9DF4D /* ARManager.swift */; };
		5ECB90032ABFB55200F9DF4D /* ARViewContainer.swift in Sources */ = {isa = PBXBuildFile; fileRef = 5ECB90022ABFB55200F9DF4D /* ARViewContainer.swift */; };
		F3C3AEB62A73CB0300F354F9 /* ARCamRecordApp.swift in Sources */ = {isa = PBXBuildFile; fileRef = F3C3AEB52A73CB0300F354F9 /* ARCamRecordApp.swift */; };
		F3C3AEB82A73CB0300F354F9 /* ContentView.swift in Sources */ = {isa = PBXBuildFile; fileRef = F3C3AEB72A73CB0300F354F9 /* ContentView.swift */; };
		F3C3AEBA2A73CB0400F354F9 /* Assets.xcassets in Resources */ = {isa = PBXBuildFile; fileRef = F3C3AEB92A73CB0400F354F9 /* Assets.xcassets */; };
		F3C3AEBD2A73CB0400F354F9 /* Preview Assets.xcassets in Resources */ = {isa = PBXBuildFile; fileRef = F3C3AEBC2A73CB0400F354F9 /* Preview Assets.xcassets */; };
		F3C3AEE02A73D89900F354F9 /* ARScene.rcproject in Sources */ = {isa = PBXBuildFile; fileRef = F3C3AEDF2A73D89900F354F9 /* ARScene.rcproject */; };
/* End PBXBuildFile section */

/* Begin PBXFileReference section */
		5E2A0F872ACCA867005BA504 /* SettingsView.swift */ = {isa = PBXFileReference; lastKnownFileType = sourcecode.swift; path = SettingsView.swift; sourceTree = "<group>"; };
		5E2A0F892ACCB93E005BA504 /* SettingsButtonView.swift */ = {isa = PBXFileReference; lastKnownFileType = sourcecode.swift; path = SettingsButtonView.swift; sourceTree = "<group>"; };
		5E2A0F8E2ACD583E005BA504 /* SettingsKeys.swift */ = {isa = PBXFileReference; lastKnownFileType = sourcecode.swift; path = SettingsKeys.swift; sourceTree = "<group>"; };
		5EC40F652AC31BA4000C94E9 /* SCNScene.extension.swift */ = {isa = PBXFileReference; lastKnownFileType = sourcecode.swift; path = SCNScene.extension.swift; sourceTree = "<group>"; };
		5EC40F672AC8331C000C94E9 /* Info.plist */ = {isa = PBXFileReference; lastKnownFileType = text.plist; path = Info.plist; sourceTree = "<group>"; };
		5EC40F6A2AC92A87000C94E9 /* VideoWriter.swift */ = {isa = PBXFileReference; lastKnownFileType = sourcecode.swift; path = VideoWriter.swift; sourceTree = "<group>"; };
		5EC40F6D2AC9B9FA000C94E9 /* CrosshairButtonView.swift */ = {isa = PBXFileReference; lastKnownFileType = sourcecode.swift; path = CrosshairButtonView.swift; sourceTree = "<group>"; };
		5EC40F702AC9BA56000C94E9 /* ControlsView.swift */ = {isa = PBXFileReference; lastKnownFileType = sourcecode.swift; path = ControlsView.swift; sourceTree = "<group>"; };
		5EC40F722AC9BAA3000C94E9 /* RecordButtonView.swift */ = {isa = PBXFileReference; lastKnownFileType = sourcecode.swift; path = RecordButtonView.swift; sourceTree = "<group>"; };
		5EC40F742AC9BAED000C94E9 /* AddAnchorButtonView.swift */ = {isa = PBXFileReference; lastKnownFileType = sourcecode.swift; path = AddAnchorButtonView.swift; sourceTree = "<group>"; };
		5EC40F762AC9BBC0000C94E9 /* HorizonControlView.swift */ = {isa = PBXFileReference; lastKnownFileType = sourcecode.swift; path = HorizonControlView.swift; sourceTree = "<group>"; };
		5EC40F782AC9BCBE000C94E9 /* LabelledDivider.swift */ = {isa = PBXFileReference; lastKnownFileType = sourcecode.swift; path = LabelledDivider.swift; sourceTree = "<group>"; };
		5EC40F7A2AC9DB4B000C94E9 /* MotionManager.swift */ = {isa = PBXFileReference; lastKnownFileType = sourcecode.swift; path = MotionManager.swift; sourceTree = "<group>"; };
		5EC40F802ACB134B000C94E9 /* axis.usdz */ = {isa = PBXFileReference; lastKnownFileType = file.usdz; path = axis.usdz; sourceTree = "<group>"; };
		5EC40F822ACB7B19000C94E9 /* PlaneAnchorEntity.swift */ = {isa = PBXFileReference; lastKnownFileType = sourcecode.swift; path = PlaneAnchorEntity.swift; sourceTree = "<group>"; };
		5EC40F862ACC4DC6000C94E9 /* SCNNode.extension.swift */ = {isa = PBXFileReference; lastKnownFileType = sourcecode.swift; path = SCNNode.extension.swift; sourceTree = "<group>"; };
		5EC40F882ACC4DFD000C94E9 /* SCNCamera.extension.swift */ = {isa = PBXFileReference; lastKnownFileType = sourcecode.swift; path = SCNCamera.extension.swift; sourceTree = "<group>"; };
		5EC40F8A2ACC4E2D000C94E9 /* USDAUtils.swift */ = {isa = PBXFileReference; lastKnownFileType = sourcecode.swift; path = USDAUtils.swift; sourceTree = "<group>"; };
		5EC40F8C2ACC4E7D000C94E9 /* SCNGeometry.extension.swift */ = {isa = PBXFileReference; lastKnownFileType = sourcecode.swift; path = SCNGeometry.extension.swift; sourceTree = "<group>"; };
		5EC40F8F2ACC4EBF000C94E9 /* float4x4.extension.swift */ = {isa = PBXFileReference; lastKnownFileType = sourcecode.swift; path = float4x4.extension.swift; sourceTree = "<group>"; };
		5EC40F912ACC4EE4000C94E9 /* Array.extension.swift */ = {isa = PBXFileReference; lastKnownFileType = sourcecode.swift; path = Array.extension.swift; sourceTree = "<group>"; };
		5EC40F932ACC4F2F000C94E9 /* SIMD2.extension.swift */ = {isa = PBXFileReference; lastKnownFileType = sourcecode.swift; path = SIMD2.extension.swift; sourceTree = "<group>"; };
		5EC40F952ACC4F48000C94E9 /* SIMD3.extension.swift */ = {isa = PBXFileReference; lastKnownFileType = sourcecode.swift; path = SIMD3.extension.swift; sourceTree = "<group>"; };
		5EC40F982ACC4F93000C94E9 /* USDAConvertable.protocol.swift */ = {isa = PBXFileReference; lastKnownFileType = sourcecode.swift; path = USDAConvertable.protocol.swift; sourceTree = "<group>"; };
		5EC40F9A2ACC5186000C94E9 /* Bool.extension.swift */ = {isa = PBXFileReference; lastKnownFileType = sourcecode.swift; path = Bool.extension.swift; sourceTree = "<group>"; };
		5EC40F9C2ACC518F000C94E9 /* Int.extension.swift */ = {isa = PBXFileReference; lastKnownFileType = sourcecode.swift; path = Int.extension.swift; sourceTree = "<group>"; };
		5EC40F9E2ACC519C000C94E9 /* Float.extension.swift */ = {isa = PBXFileReference; lastKnownFileType = sourcecode.swift; path = Float.extension.swift; sourceTree = "<group>"; };
		5EC40FA02ACC51A7000C94E9 /* String.extension.swift */ = {isa = PBXFileReference; lastKnownFileType = sourcecode.swift; path = String.extension.swift; sourceTree = "<group>"; };
		5ECB8FFF2ABFB42000F9DF4D /* ARManager.swift */ = {isa = PBXFileReference; lastKnownFileType = sourcecode.swift; path = ARManager.swift; sourceTree = "<group>"; };
		5ECB90022ABFB55200F9DF4D /* ARViewContainer.swift */ = {isa = PBXFileReference; lastKnownFileType = sourcecode.swift; path = ARViewContainer.swift; sourceTree = "<group>"; };
		F3C3AEB22A73CB0300F354F9 /* ARCamRecord.app */ = {isa = PBXFileReference; explicitFileType = wrapper.application; includeInIndex = 0; path = ARCamRecord.app; sourceTree = BUILT_PRODUCTS_DIR; };
		F3C3AEB52A73CB0300F354F9 /* ARCamRecordApp.swift */ = {isa = PBXFileReference; lastKnownFileType = sourcecode.swift; path = ARCamRecordApp.swift; sourceTree = "<group>"; };
		F3C3AEB72A73CB0300F354F9 /* ContentView.swift */ = {isa = PBXFileReference; lastKnownFileType = sourcecode.swift; path = ContentView.swift; sourceTree = "<group>"; };
		F3C3AEB92A73CB0400F354F9 /* Assets.xcassets */ = {isa = PBXFileReference; lastKnownFileType = folder.assetcatalog; path = Assets.xcassets; sourceTree = "<group>"; };
		F3C3AEBC2A73CB0400F354F9 /* Preview Assets.xcassets */ = {isa = PBXFileReference; lastKnownFileType = folder.assetcatalog; path = "Preview Assets.xcassets"; sourceTree = "<group>"; };
		F3C3AEDF2A73D89900F354F9 /* ARScene.rcproject */ = {isa = PBXFileReference; lastKnownFileType = file.rcproject; path = ARScene.rcproject; sourceTree = "<group>"; };
/* End PBXFileReference section */

/* Begin PBXFrameworksBuildPhase section */
		F3C3AEAF2A73CB0300F354F9 /* Frameworks */ = {
			isa = PBXFrameworksBuildPhase;
			buildActionMask = 2147483647;
			files = (
			);
			runOnlyForDeploymentPostprocessing = 0;
		};
/* End PBXFrameworksBuildPhase section */

/* Begin PBXGroup section */
		5E2A0F8D2ACD57E3005BA504 /* Constants */ = {
			isa = PBXGroup;
			children = (
				5E2A0F8E2ACD583E005BA504 /* SettingsKeys.swift */,
			);
			path = Constants;
			sourceTree = "<group>";
		};
		5EC40F642AC31B7E000C94E9 /* Utils */ = {
			isa = PBXGroup;
			children = (
				5EC40F852ACC4D99000C94E9 /* Usda */,
				5EC40F6A2AC92A87000C94E9 /* VideoWriter.swift */,
				5EC40F822ACB7B19000C94E9 /* PlaneAnchorEntity.swift */,
			);
			path = Utils;
			sourceTree = "<group>";
		};
		5EC40F6C2AC9B99F000C94E9 /* Components */ = {
			isa = PBXGroup;
			children = (
				5EC40F6D2AC9B9FA000C94E9 /* CrosshairButtonView.swift */,
				5EC40F702AC9BA56000C94E9 /* ControlsView.swift */,
				5EC40F722AC9BAA3000C94E9 /* RecordButtonView.swift */,
				5EC40F742AC9BAED000C94E9 /* AddAnchorButtonView.swift */,
				5E2A0F892ACCB93E005BA504 /* SettingsButtonView.swift */,
				5EC40F762AC9BBC0000C94E9 /* HorizonControlView.swift */,
				5EC40F782AC9BCBE000C94E9 /* LabelledDivider.swift */,
			);
			path = Components;
			sourceTree = "<group>";
		};
		5EC40F852ACC4D99000C94E9 /* Usda */ = {
			isa = PBXGroup;
			children = (
				5EC40F8E2ACC4EA7000C94E9 /* Types */,
				5EC40F652AC31BA4000C94E9 /* SCNScene.extension.swift */,
				5EC40F862ACC4DC6000C94E9 /* SCNNode.extension.swift */,
				5EC40F882ACC4DFD000C94E9 /* SCNCamera.extension.swift */,
				5EC40F8C2ACC4E7D000C94E9 /* SCNGeometry.extension.swift */,
				5EC40F8A2ACC4E2D000C94E9 /* USDAUtils.swift */,
			);
			path = Usda;
			sourceTree = "<group>";
		};
		5EC40F8E2ACC4EA7000C94E9 /* Types */ = {
			isa = PBXGroup;
			children = (
				5EC40F982ACC4F93000C94E9 /* USDAConvertable.protocol.swift */,
				5EC40F8F2ACC4EBF000C94E9 /* float4x4.extension.swift */,
				5EC40F912ACC4EE4000C94E9 /* Array.extension.swift */,
				5EC40F932ACC4F2F000C94E9 /* SIMD2.extension.swift */,
				5EC40F952ACC4F48000C94E9 /* SIMD3.extension.swift */,
				5EC40F9A2ACC5186000C94E9 /* Bool.extension.swift */,
				5EC40F9C2ACC518F000C94E9 /* Int.extension.swift */,
				5EC40F9E2ACC519C000C94E9 /* Float.extension.swift */,
				5EC40FA02ACC51A7000C94E9 /* String.extension.swift */,
			);
			path = Types;
			sourceTree = "<group>";
		};
		5ECB8FFE2ABFB40100F9DF4D /* Managers */ = {
			isa = PBXGroup;
			children = (
				5ECB8FFF2ABFB42000F9DF4D /* ARManager.swift */,
				5EC40F7A2AC9DB4B000C94E9 /* MotionManager.swift */,
			);
			path = Managers;
			sourceTree = "<group>";
		};
		5ECB90012ABFB53600F9DF4D /* Views */ = {
			isa = PBXGroup;
			children = (
				5EC40F6C2AC9B99F000C94E9 /* Components */,
				F3C3AEB72A73CB0300F354F9 /* ContentView.swift */,
				5ECB90022ABFB55200F9DF4D /* ARViewContainer.swift */,
				5E2A0F872ACCA867005BA504 /* SettingsView.swift */,
			);
			path = Views;
			sourceTree = "<group>";
		};
		F3C3AEA92A73CB0300F354F9 = {
			isa = PBXGroup;
			children = (
				F3C3AEB42A73CB0300F354F9 /* ARCamRecord */,
				F3C3AEB32A73CB0300F354F9 /* Products */,
			);
			sourceTree = "<group>";
		};
		F3C3AEB32A73CB0300F354F9 /* Products */ = {
			isa = PBXGroup;
			children = (
				F3C3AEB22A73CB0300F354F9 /* ARCamRecord.app */,
			);
			name = Products;
			sourceTree = "<group>";
		};
		F3C3AEB42A73CB0300F354F9 /* ARCamRecord */ = {
			isa = PBXGroup;
			children = (
				5EC40F672AC8331C000C94E9 /* Info.plist */,
				5E2A0F8D2ACD57E3005BA504 /* Constants */,
				5EC40F642AC31B7E000C94E9 /* Utils */,
				5ECB8FFE2ABFB40100F9DF4D /* Managers */,
				5ECB90012ABFB53600F9DF4D /* Views */,
				F3C3AEB52A73CB0300F354F9 /* ARCamRecordApp.swift */,
				F3C3AEB92A73CB0400F354F9 /* Assets.xcassets */,
				5EC40F802ACB134B000C94E9 /* axis.usdz */,
				F3C3AEDF2A73D89900F354F9 /* ARScene.rcproject */,
				F3C3AEBB2A73CB0400F354F9 /* Preview Content */,
			);
			path = ARCamRecord;
			sourceTree = "<group>";
		};
		F3C3AEBB2A73CB0400F354F9 /* Preview Content */ = {
			isa = PBXGroup;
			children = (
				F3C3AEBC2A73CB0400F354F9 /* Preview Assets.xcassets */,
			);
			path = "Preview Content";
			sourceTree = "<group>";
		};
/* End PBXGroup section */

/* Begin PBXNativeTarget section */
		F3C3AEB12A73CB0300F354F9 /* ARCamRecord */ = {
			isa = PBXNativeTarget;
			buildConfigurationList = F3C3AEC02A73CB0400F354F9 /* Build configuration list for PBXNativeTarget "ARCamRecord" */;
			buildPhases = (
				F3C3AEAE2A73CB0300F354F9 /* Sources */,
				F3C3AEAF2A73CB0300F354F9 /* Frameworks */,
				F3C3AEB02A73CB0300F354F9 /* Resources */,
			);
			buildRules = (
			);
			dependencies = (
			);
			name = ARCamRecord;
			productName = ARCamRecord;
			productReference = F3C3AEB22A73CB0300F354F9 /* ARCamRecord.app */;
			productType = "com.apple.product-type.application";
		};
/* End PBXNativeTarget section */

/* Begin PBXProject section */
		F3C3AEAA2A73CB0300F354F9 /* Project object */ = {
			isa = PBXProject;
			attributes = {
				BuildIndependentTargetsInParallel = 1;
				LastSwiftUpdateCheck = 1410;
				LastUpgradeCheck = 1500;
				TargetAttributes = {
					F3C3AEB12A73CB0300F354F9 = {
						CreatedOnToolsVersion = 14.1;
					};
				};
			};
			buildConfigurationList = F3C3AEAD2A73CB0300F354F9 /* Build configuration list for PBXProject "ARCamRecord" */;
			compatibilityVersion = "Xcode 14.0";
			developmentRegion = en;
			hasScannedForEncodings = 0;
			knownRegions = (
				en,
				Base,
			);
			mainGroup = F3C3AEA92A73CB0300F354F9;
			productRefGroup = F3C3AEB32A73CB0300F354F9 /* Products */;
			projectDirPath = "";
			projectRoot = "";
			targets = (
				F3C3AEB12A73CB0300F354F9 /* ARCamRecord */,
			);
		};
/* End PBXProject section */

/* Begin PBXResourcesBuildPhase section */
		F3C3AEB02A73CB0300F354F9 /* Resources */ = {
			isa = PBXResourcesBuildPhase;
			buildActionMask = 2147483647;
			files = (
				F3C3AEBD2A73CB0400F354F9 /* Preview Assets.xcassets in Resources */,
				5EC40F812ACB134B000C94E9 /* axis.usdz in Resources */,
				F3C3AEBA2A73CB0400F354F9 /* Assets.xcassets in Resources */,
			);
			runOnlyForDeploymentPostprocessing = 0;
		};
/* End PBXResourcesBuildPhase section */

/* Begin PBXSourcesBuildPhase section */
		F3C3AEAE2A73CB0300F354F9 /* Sources */ = {
			isa = PBXSourcesBuildPhase;
			buildActionMask = 2147483647;
			files = (
				5EC40F6B2AC92A87000C94E9 /* VideoWriter.swift in Sources */,
				5EC40F7B2AC9DB4B000C94E9 /* MotionManager.swift in Sources */,
				5EC40F8B2ACC4E2D000C94E9 /* USDAUtils.swift in Sources */,
				5EC40F712AC9BA56000C94E9 /* ControlsView.swift in Sources */,
				5EC40F6E2AC9B9FA000C94E9 /* CrosshairButtonView.swift in Sources */,
				5EC40F832ACB7B19000C94E9 /* PlaneAnchorEntity.swift in Sources */,
				5EC40F9F2ACC519C000C94E9 /* Float.extension.swift in Sources */,
				5EC40F892ACC4DFD000C94E9 /* SCNCamera.extension.swift in Sources */,
				5EC40F752AC9BAED000C94E9 /* AddAnchorButtonView.swift in Sources */,
				5EC40F792AC9BCBE000C94E9 /* LabelledDivider.swift in Sources */,
				5EC40F872ACC4DC6000C94E9 /* SCNNode.extension.swift in Sources */,
				5EC40F8D2ACC4E7D000C94E9 /* SCNGeometry.extension.swift in Sources */,
				5ECB90002ABFB42000F9DF4D /* ARManager.swift in Sources */,
				F3C3AEB82A73CB0300F354F9 /* ContentView.swift in Sources */,
				F3C3AEE02A73D89900F354F9 /* ARScene.rcproject in Sources */,
				5EC40F9B2ACC5186000C94E9 /* Bool.extension.swift in Sources */,
				F3C3AEB62A73CB0300F354F9 /* ARCamRecordApp.swift in Sources */,
				5EC40F9D2ACC518F000C94E9 /* Int.extension.swift in Sources */,
				5E2A0F882ACCA867005BA504 /* SettingsView.swift in Sources */,
				5EC40F772AC9BBC0000C94E9 /* HorizonControlView.swift in Sources */,
				5EC40F942ACC4F2F000C94E9 /* SIMD2.extension.swift in Sources */,
				5EC40F902ACC4EBF000C94E9 /* float4x4.extension.swift in Sources */,
				5EC40F922ACC4EE4000C94E9 /* Array.extension.swift in Sources */,
				5E2A0F8F2ACD583E005BA504 /* SettingsKeys.swift in Sources */,
				5EC40F992ACC4F93000C94E9 /* USDAConvertable.protocol.swift in Sources */,
				5EC40FA12ACC51A7000C94E9 /* String.extension.swift in Sources */,
				5E2A0F8A2ACCB93E005BA504 /* SettingsButtonView.swift in Sources */,
				5EC40F662AC31BA4000C94E9 /* SCNScene.extension.swift in Sources */,
				5ECB90032ABFB55200F9DF4D /* ARViewContainer.swift in Sources */,
				5EC40F732AC9BAA3000C94E9 /* RecordButtonView.swift in Sources */,
				5EC40F962ACC4F48000C94E9 /* SIMD3.extension.swift in Sources */,
			);
			runOnlyForDeploymentPostprocessing = 0;
		};
/* End PBXSourcesBuildPhase section */

/* Begin XCBuildConfiguration section */
		F3C3AEBE2A73CB0400F354F9 /* Debug */ = {
			isa = XCBuildConfiguration;
			buildSettings = {
				ALWAYS_SEARCH_USER_PATHS = NO;
				CLANG_ANALYZER_NONNULL = YES;
				CLANG_ANALYZER_NUMBER_OBJECT_CONVERSION = YES_AGGRESSIVE;
				CLANG_CXX_LANGUAGE_STANDARD = "gnu++20";
				CLANG_ENABLE_MODULES = YES;
				CLANG_ENABLE_OBJC_ARC = YES;
				CLANG_ENABLE_OBJC_WEAK = YES;
				CLANG_WARN_BLOCK_CAPTURE_AUTORELEASING = YES;
				CLANG_WARN_BOOL_CONVERSION = YES;
				CLANG_WARN_COMMA = YES;
				CLANG_WARN_CONSTANT_CONVERSION = YES;
				CLANG_WARN_DEPRECATED_OBJC_IMPLEMENTATIONS = YES;
				CLANG_WARN_DIRECT_OBJC_ISA_USAGE = YES_ERROR;
				CLANG_WARN_DOCUMENTATION_COMMENTS = YES;
				CLANG_WARN_EMPTY_BODY = YES;
				CLANG_WARN_ENUM_CONVERSION = YES;
				CLANG_WARN_INFINITE_RECURSION = YES;
				CLANG_WARN_INT_CONVERSION = YES;
				CLANG_WARN_NON_LITERAL_NULL_CONVERSION = YES;
				CLANG_WARN_OBJC_IMPLICIT_RETAIN_SELF = YES;
				CLANG_WARN_OBJC_LITERAL_CONVERSION = YES;
				CLANG_WARN_OBJC_ROOT_CLASS = YES_ERROR;
				CLANG_WARN_QUOTED_INCLUDE_IN_FRAMEWORK_HEADER = YES;
				CLANG_WARN_RANGE_LOOP_ANALYSIS = YES;
				CLANG_WARN_STRICT_PROTOTYPES = YES;
				CLANG_WARN_SUSPICIOUS_MOVE = YES;
				CLANG_WARN_UNGUARDED_AVAILABILITY = YES_AGGRESSIVE;
				CLANG_WARN_UNREACHABLE_CODE = YES;
				CLANG_WARN__DUPLICATE_METHOD_MATCH = YES;
				COPY_PHASE_STRIP = NO;
				DEBUG_INFORMATION_FORMAT = dwarf;
				ENABLE_STRICT_OBJC_MSGSEND = YES;
				ENABLE_TESTABILITY = YES;
				ENABLE_USER_SCRIPT_SANDBOXING = YES;
				GCC_C_LANGUAGE_STANDARD = gnu11;
				GCC_DYNAMIC_NO_PIC = NO;
				GCC_NO_COMMON_BLOCKS = YES;
				GCC_OPTIMIZATION_LEVEL = 0;
				GCC_PREPROCESSOR_DEFINITIONS = (
					"DEBUG=1",
					"$(inherited)",
				);
				GCC_WARN_64_TO_32_BIT_CONVERSION = YES;
				GCC_WARN_ABOUT_RETURN_TYPE = YES_ERROR;
				GCC_WARN_UNDECLARED_SELECTOR = YES;
				GCC_WARN_UNINITIALIZED_AUTOS = YES_AGGRESSIVE;
				GCC_WARN_UNUSED_FUNCTION = YES;
				GCC_WARN_UNUSED_VARIABLE = YES;
				IPHONEOS_DEPLOYMENT_TARGET = 16.1;
				MTL_ENABLE_DEBUG_INFO = INCLUDE_SOURCE;
				MTL_FAST_MATH = YES;
				ONLY_ACTIVE_ARCH = YES;
				SDKROOT = iphoneos;
				SWIFT_ACTIVE_COMPILATION_CONDITIONS = DEBUG;
				SWIFT_OPTIMIZATION_LEVEL = "-Onone";
			};
			name = Debug;
		};
		F3C3AEBF2A73CB0400F354F9 /* Release */ = {
			isa = XCBuildConfiguration;
			buildSettings = {
				ALWAYS_SEARCH_USER_PATHS = NO;
				CLANG_ANALYZER_NONNULL = YES;
				CLANG_ANALYZER_NUMBER_OBJECT_CONVERSION = YES_AGGRESSIVE;
				CLANG_CXX_LANGUAGE_STANDARD = "gnu++20";
				CLANG_ENABLE_MODULES = YES;
				CLANG_ENABLE_OBJC_ARC = YES;
				CLANG_ENABLE_OBJC_WEAK = YES;
				CLANG_WARN_BLOCK_CAPTURE_AUTORELEASING = YES;
				CLANG_WARN_BOOL_CONVERSION = YES;
				CLANG_WARN_COMMA = YES;
				CLANG_WARN_CONSTANT_CONVERSION = YES;
				CLANG_WARN_DEPRECATED_OBJC_IMPLEMENTATIONS = YES;
				CLANG_WARN_DIRECT_OBJC_ISA_USAGE = YES_ERROR;
				CLANG_WARN_DOCUMENTATION_COMMENTS = YES;
				CLANG_WARN_EMPTY_BODY = YES;
				CLANG_WARN_ENUM_CONVERSION = YES;
				CLANG_WARN_INFINITE_RECURSION = YES;
				CLANG_WARN_INT_CONVERSION = YES;
				CLANG_WARN_NON_LITERAL_NULL_CONVERSION = YES;
				CLANG_WARN_OBJC_IMPLICIT_RETAIN_SELF = YES;
				CLANG_WARN_OBJC_LITERAL_CONVERSION = YES;
				CLANG_WARN_OBJC_ROOT_CLASS = YES_ERROR;
				CLANG_WARN_QUOTED_INCLUDE_IN_FRAMEWORK_HEADER = YES;
				CLANG_WARN_RANGE_LOOP_ANALYSIS = YES;
				CLANG_WARN_STRICT_PROTOTYPES = YES;
				CLANG_WARN_SUSPICIOUS_MOVE = YES;
				CLANG_WARN_UNGUARDED_AVAILABILITY = YES_AGGRESSIVE;
				CLANG_WARN_UNREACHABLE_CODE = YES;
				CLANG_WARN__DUPLICATE_METHOD_MATCH = YES;
				COPY_PHASE_STRIP = NO;
				DEBUG_INFORMATION_FORMAT = "dwarf-with-dsym";
				ENABLE_NS_ASSERTIONS = NO;
				ENABLE_STRICT_OBJC_MSGSEND = YES;
				ENABLE_USER_SCRIPT_SANDBOXING = YES;
				GCC_C_LANGUAGE_STANDARD = gnu11;
				GCC_NO_COMMON_BLOCKS = YES;
				GCC_WARN_64_TO_32_BIT_CONVERSION = YES;
				GCC_WARN_ABOUT_RETURN_TYPE = YES_ERROR;
				GCC_WARN_UNDECLARED_SELECTOR = YES;
				GCC_WARN_UNINITIALIZED_AUTOS = YES_AGGRESSIVE;
				GCC_WARN_UNUSED_FUNCTION = YES;
				GCC_WARN_UNUSED_VARIABLE = YES;
				IPHONEOS_DEPLOYMENT_TARGET = 16.1;
				MTL_ENABLE_DEBUG_INFO = NO;
				MTL_FAST_MATH = YES;
				SDKROOT = iphoneos;
				SWIFT_COMPILATION_MODE = wholemodule;
				SWIFT_OPTIMIZATION_LEVEL = "-O";
				VALIDATE_PRODUCT = YES;
			};
			name = Release;
		};
		F3C3AEC12A73CB0400F354F9 /* Debug */ = {
			isa = XCBuildConfiguration;
			buildSettings = {
				ASSETCATALOG_COMPILER_APPICON_NAME = AppIcon;
				ASSETCATALOG_COMPILER_GLOBAL_ACCENT_COLOR_NAME = AccentColor;
				CODE_SIGN_STYLE = Automatic;
				CURRENT_PROJECT_VERSION = 1;
				DEVELOPMENT_ASSET_PATHS = "\"ARCamRecord/Preview Content\"";
				DEVELOPMENT_TEAM = 3WKK5AGY66;
				ENABLE_PREVIEWS = YES;
				GENERATE_INFOPLIST_FILE = YES;
				INFOPLIST_FILE = ARCamRecord/Info.plist;
				INFOPLIST_KEY_LSSupportsOpeningDocumentsInPlace = YES;
				INFOPLIST_KEY_NSCameraUsageDescription = "I wanna filming AR porn";
				INFOPLIST_KEY_NSMicrophoneUsageDescription = "Porn should be with the sound, even AR";
				INFOPLIST_KEY_NSPhotoLibraryUsageDescription = "I wanna store AR porn in your Library";
				INFOPLIST_KEY_UIApplicationSceneManifest_Generation = YES;
				INFOPLIST_KEY_UIApplicationSupportsIndirectInputEvents = YES;
				INFOPLIST_KEY_UIRequiresFullScreen = YES;
				INFOPLIST_KEY_UISupportedInterfaceOrientations = UIInterfaceOrientationLandscapeRight;
				LD_RUNPATH_SEARCH_PATHS = (
					"$(inherited)",
					"@executable_path/Frameworks",
				);
				MARKETING_VERSION = 1.0;
				PRODUCT_BUNDLE_IDENTIFIER = antillia.ARCamRecord;
				PRODUCT_NAME = "$(TARGET_NAME)";
				SWIFT_EMIT_LOC_STRINGS = YES;
				SWIFT_VERSION = 5.0;
				TARGETED_DEVICE_FAMILY = "1,2";
			};
			name = Debug;
		};
		F3C3AEC22A73CB0400F354F9 /* Release */ = {
			isa = XCBuildConfiguration;
			buildSettings = {
				ASSETCATALOG_COMPILER_APPICON_NAME = AppIcon;
				ASSETCATALOG_COMPILER_GLOBAL_ACCENT_COLOR_NAME = AccentColor;
				CODE_SIGN_STYLE = Automatic;
				CURRENT_PROJECT_VERSION = 1;
				DEVELOPMENT_ASSET_PATHS = "\"ARCamRecord/Preview Content\"";
				DEVELOPMENT_TEAM = 3WKK5AGY66;
				ENABLE_PREVIEWS = YES;
				GENERATE_INFOPLIST_FILE = YES;
				INFOPLIST_FILE = ARCamRecord/Info.plist;
				INFOPLIST_KEY_LSSupportsOpeningDocumentsInPlace = YES;
				INFOPLIST_KEY_NSCameraUsageDescription = "I wanna filming AR porn";
				INFOPLIST_KEY_NSMicrophoneUsageDescription = "Porn should be with the sound, even AR";
				INFOPLIST_KEY_NSPhotoLibraryUsageDescription = "I wanna store AR porn in your Library";
				INFOPLIST_KEY_UIApplicationSceneManifest_Generation = YES;
				INFOPLIST_KEY_UIApplicationSupportsIndirectInputEvents = YES;
				INFOPLIST_KEY_UIRequiresFullScreen = YES;
				INFOPLIST_KEY_UISupportedInterfaceOrientations = UIInterfaceOrientationLandscapeRight;
				LD_RUNPATH_SEARCH_PATHS = (
					"$(inherited)",
					"@executable_path/Frameworks",
				);
				MARKETING_VERSION = 1.0;
				PRODUCT_BUNDLE_IDENTIFIER = antillia.ARCamRecord;
				PRODUCT_NAME = "$(TARGET_NAME)";
				SWIFT_EMIT_LOC_STRINGS = YES;
				SWIFT_VERSION = 5.0;
				TARGETED_DEVICE_FAMILY = "1,2";
			};
			name = Release;
		};
/* End XCBuildConfiguration section */

/* Begin XCConfigurationList section */
		F3C3AEAD2A73CB0300F354F9 /* Build configuration list for PBXProject "ARCamRecord" */ = {
			isa = XCConfigurationList;
			buildConfigurations = (
				F3C3AEBE2A73CB0400F354F9 /* Debug */,
				F3C3AEBF2A73CB0400F354F9 /* Release */,
			);
			defaultConfigurationIsVisible = 0;
			defaultConfigurationName = Release;
		};
		F3C3AEC02A73CB0400F354F9 /* Build configuration list for PBXNativeTarget "ARCamRecord" */ = {
			isa = XCConfigurationList;
			buildConfigurations = (
				F3C3AEC12A73CB0400F354F9 /* Debug */,
				F3C3AEC22A73CB0400F354F9 /* Release */,
			);
			defaultConfigurationIsVisible = 0;
			defaultConfigurationName = Release;
		};
/* End XCConfigurationList section */
	};
	rootObject = F3C3AEAA2A73CB0300F354F9 /* Project object */;
}
